// !$*UTF8*$!
{
	archiveVersion = 1;
	classes = {
	};
	objectVersion = 55;
	objects = {

/* Begin PBXBuildFile section */
		B685EC4E274141CF0069AD03 /* TableViewManager.swift in Sources */ = {isa = PBXBuildFile; fileRef = B685EC4D274141CF0069AD03 /* TableViewManager.swift */; };
		B6AFC8CC27415A9600016487 /* ThirdVCBuilder.swift in Sources */ = {isa = PBXBuildFile; fileRef = B6AFC8CB27415A9600016487 /* ThirdVCBuilder.swift */; };
		B6EC1DA22743441A00127E71 /* TableViewCellExtension.swift in Sources */ = {isa = PBXBuildFile; fileRef = B6EC1DA12743441A00127E71 /* TableViewCellExtension.swift */; };
		B6EC1DA42743445D00127E71 /* ArrayExtension.swift in Sources */ = {isa = PBXBuildFile; fileRef = B6EC1DA32743445D00127E71 /* ArrayExtension.swift */; };
		B6EF957827434BAC0049143F /* Constants.swift in Sources */ = {isa = PBXBuildFile; fileRef = B6EF957727434BAC0049143F /* Constants.swift */; };
		B6F42CE92742A72E007BA337 /* ScannerVCBuilder.swift in Sources */ = {isa = PBXBuildFile; fileRef = B6F42CE82742A72E007BA337 /* ScannerVCBuilder.swift */; };
		B6FB6D35273FD6400041955D /* AppDelegate.swift in Sources */ = {isa = PBXBuildFile; fileRef = B6FB6D34273FD6400041955D /* AppDelegate.swift */; };
		B6FB6D37273FD6400041955D /* SceneDelegate.swift in Sources */ = {isa = PBXBuildFile; fileRef = B6FB6D36273FD6400041955D /* SceneDelegate.swift */; };
		B6FB6D39273FD6400041955D /* StartScreenViewController.swift in Sources */ = {isa = PBXBuildFile; fileRef = B6FB6D38273FD6400041955D /* StartScreenViewController.swift */; };
		B6FB6D3E273FD6420041955D /* Assets.xcassets in Resources */ = {isa = PBXBuildFile; fileRef = B6FB6D3D273FD6420041955D /* Assets.xcassets */; };
		B6FB6D41273FD6420041955D /* LaunchScreen.storyboard in Resources */ = {isa = PBXBuildFile; fileRef = B6FB6D3F273FD6420041955D /* LaunchScreen.storyboard */; };
		B6FB6D49273FD7AB0041955D /* Coordinator.swift in Sources */ = {isa = PBXBuildFile; fileRef = B6FB6D48273FD7AB0041955D /* Coordinator.swift */; };
		B6FB6D4B273FDA840041955D /* MainCoordinator.swift in Sources */ = {isa = PBXBuildFile; fileRef = B6FB6D4A273FDA840041955D /* MainCoordinator.swift */; };
		B6FB6D4D2740109F0041955D /* ChequeViewController.swift in Sources */ = {isa = PBXBuildFile; fileRef = B6FB6D4C2740109F0041955D /* ChequeViewController.swift */; };
		B6FB6D4F274011F60041955D /* ScannerViewController.swift in Sources */ = {isa = PBXBuildFile; fileRef = B6FB6D4E274011F60041955D /* ScannerViewController.swift */; };
		B6FB6D5127403D8E0041955D /* AppModel.swift in Sources */ = {isa = PBXBuildFile; fileRef = B6FB6D5027403D8E0041955D /* AppModel.swift */; };
		B6FB6D5327403F770041955D /* JsonDecoder.swift in Sources */ = {isa = PBXBuildFile; fileRef = B6FB6D5227403F770041955D /* JsonDecoder.swift */; };
		B6FB6D5527404FA00041955D /* ScannerVCViewModel.swift in Sources */ = {isa = PBXBuildFile; fileRef = B6FB6D5427404FA00041955D /* ScannerVCViewModel.swift */; };
		B6FB6D5B27406E410041955D /* ItemsTableViewCell.swift in Sources */ = {isa = PBXBuildFile; fileRef = B6FB6D5A27406E410041955D /* ItemsTableViewCell.swift */; };
		B6FB6D612740951C0041955D /* QRScannableManager.swift in Sources */ = {isa = PBXBuildFile; fileRef = B6FB6D602740951C0041955D /* QRScannableManager.swift */; };
		B6FB6D6E2740B85D0041955D /* TitleTableViewCell.swift in Sources */ = {isa = PBXBuildFile; fileRef = B6FB6D6D2740B85D0041955D /* TitleTableViewCell.swift */; };
		B6FB6D702740C0AD0041955D /* TotalTableViewCell.swift in Sources */ = {isa = PBXBuildFile; fileRef = B6FB6D6F2740C0AD0041955D /* TotalTableViewCell.swift */; };
		B6FB6D722740CDAC0041955D /* ThirdVCViewModel.swift in Sources */ = {isa = PBXBuildFile; fileRef = B6FB6D712740CDAC0041955D /* ThirdVCViewModel.swift */; };
/* End PBXBuildFile section */

/* Begin PBXFileReference section */
		B685EC4D274141CF0069AD03 /* TableViewManager.swift */ = {isa = PBXFileReference; lastKnownFileType = sourcecode.swift; path = TableViewManager.swift; sourceTree = "<group>"; };
		B6AFC8CB27415A9600016487 /* ThirdVCBuilder.swift */ = {isa = PBXFileReference; lastKnownFileType = sourcecode.swift; path = ThirdVCBuilder.swift; sourceTree = "<group>"; };
		B6EC1DA12743441A00127E71 /* TableViewCellExtension.swift */ = {isa = PBXFileReference; lastKnownFileType = sourcecode.swift; path = TableViewCellExtension.swift; sourceTree = "<group>"; };
		B6EC1DA32743445D00127E71 /* ArrayExtension.swift */ = {isa = PBXFileReference; lastKnownFileType = sourcecode.swift; path = ArrayExtension.swift; sourceTree = "<group>"; };
		B6EF957727434BAC0049143F /* Constants.swift */ = {isa = PBXFileReference; lastKnownFileType = sourcecode.swift; path = Constants.swift; sourceTree = "<group>"; };
		B6F42CE82742A72E007BA337 /* ScannerVCBuilder.swift */ = {isa = PBXFileReference; lastKnownFileType = sourcecode.swift; path = ScannerVCBuilder.swift; sourceTree = "<group>"; };
		B6FB6D31273FD6400041955D /* TestTask-QRCodeReader.app */ = {isa = PBXFileReference; explicitFileType = wrapper.application; includeInIndex = 0; path = "TestTask-QRCodeReader.app"; sourceTree = BUILT_PRODUCTS_DIR; };
		B6FB6D34273FD6400041955D /* AppDelegate.swift */ = {isa = PBXFileReference; lastKnownFileType = sourcecode.swift; path = AppDelegate.swift; sourceTree = "<group>"; };
		B6FB6D36273FD6400041955D /* SceneDelegate.swift */ = {isa = PBXFileReference; lastKnownFileType = sourcecode.swift; path = SceneDelegate.swift; sourceTree = "<group>"; };
		B6FB6D38273FD6400041955D /* StartScreenViewController.swift */ = {isa = PBXFileReference; lastKnownFileType = sourcecode.swift; path = StartScreenViewController.swift; sourceTree = "<group>"; };
		B6FB6D3D273FD6420041955D /* Assets.xcassets */ = {isa = PBXFileReference; lastKnownFileType = folder.assetcatalog; path = Assets.xcassets; sourceTree = "<group>"; };
		B6FB6D40273FD6420041955D /* Base */ = {isa = PBXFileReference; lastKnownFileType = file.storyboard; name = Base; path = Base.lproj/LaunchScreen.storyboard; sourceTree = "<group>"; };
		B6FB6D42273FD6420041955D /* Info.plist */ = {isa = PBXFileReference; lastKnownFileType = text.plist.xml; path = Info.plist; sourceTree = "<group>"; };
		B6FB6D48273FD7AB0041955D /* Coordinator.swift */ = {isa = PBXFileReference; lastKnownFileType = sourcecode.swift; path = Coordinator.swift; sourceTree = "<group>"; };
		B6FB6D4A273FDA840041955D /* MainCoordinator.swift */ = {isa = PBXFileReference; lastKnownFileType = sourcecode.swift; path = MainCoordinator.swift; sourceTree = "<group>"; };
		B6FB6D4C2740109F0041955D /* ChequeViewController.swift */ = {isa = PBXFileReference; lastKnownFileType = sourcecode.swift; path = ChequeViewController.swift; sourceTree = "<group>"; };
		B6FB6D4E274011F60041955D /* ScannerViewController.swift */ = {isa = PBXFileReference; lastKnownFileType = sourcecode.swift; path = ScannerViewController.swift; sourceTree = "<group>"; };
		B6FB6D5027403D8E0041955D /* AppModel.swift */ = {isa = PBXFileReference; lastKnownFileType = sourcecode.swift; path = AppModel.swift; sourceTree = "<group>"; };
		B6FB6D5227403F770041955D /* JsonDecoder.swift */ = {isa = PBXFileReference; lastKnownFileType = sourcecode.swift; path = JsonDecoder.swift; sourceTree = "<group>"; };
		B6FB6D5427404FA00041955D /* ScannerVCViewModel.swift */ = {isa = PBXFileReference; lastKnownFileType = sourcecode.swift; path = ScannerVCViewModel.swift; sourceTree = "<group>"; };
		B6FB6D5A27406E410041955D /* ItemsTableViewCell.swift */ = {isa = PBXFileReference; lastKnownFileType = sourcecode.swift; path = ItemsTableViewCell.swift; sourceTree = "<group>"; };
		B6FB6D602740951C0041955D /* QRScannableManager.swift */ = {isa = PBXFileReference; lastKnownFileType = sourcecode.swift; path = QRScannableManager.swift; sourceTree = "<group>"; };
		B6FB6D6D2740B85D0041955D /* TitleTableViewCell.swift */ = {isa = PBXFileReference; lastKnownFileType = sourcecode.swift; path = TitleTableViewCell.swift; sourceTree = "<group>"; };
		B6FB6D6F2740C0AD0041955D /* TotalTableViewCell.swift */ = {isa = PBXFileReference; lastKnownFileType = sourcecode.swift; path = TotalTableViewCell.swift; sourceTree = "<group>"; };
		B6FB6D712740CDAC0041955D /* ThirdVCViewModel.swift */ = {isa = PBXFileReference; lastKnownFileType = sourcecode.swift; path = ThirdVCViewModel.swift; sourceTree = "<group>"; };
/* End PBXFileReference section */

/* Begin PBXFrameworksBuildPhase section */
		B6FB6D2E273FD6400041955D /* Frameworks */ = {
			isa = PBXFrameworksBuildPhase;
			buildActionMask = 2147483647;
			files = (
			);
			runOnlyForDeploymentPostprocessing = 0;
		};
/* End PBXFrameworksBuildPhase section */

/* Begin PBXGroup section */
		B6EC1DA0274343F900127E71 /* Extensions */ = {
			isa = PBXGroup;
			children = (
				B6EC1DA12743441A00127E71 /* TableViewCellExtension.swift */,
				B6EC1DA32743445D00127E71 /* ArrayExtension.swift */,
			);
			path = Extensions;
			sourceTree = "<group>";
		};
		B6FB6D28273FD6400041955D = {
			isa = PBXGroup;
			children = (
				B6FB6D33273FD6400041955D /* TestTask-QRCodeReader */,
				B6FB6D32273FD6400041955D /* Products */,
			);
			sourceTree = "<group>";
		};
		B6FB6D32273FD6400041955D /* Products */ = {
			isa = PBXGroup;
			children = (
				B6FB6D31273FD6400041955D /* TestTask-QRCodeReader.app */,
			);
			name = Products;
			sourceTree = "<group>";
		};
		B6FB6D33273FD6400041955D /* TestTask-QRCodeReader */ = {
			isa = PBXGroup;
			children = (
				B6FB6D34273FD6400041955D /* AppDelegate.swift */,
				B6FB6D36273FD6400041955D /* SceneDelegate.swift */,
				B6FB6D6627409A380041955D /* Base */,
				B6FB6D56274053090041955D /* Coordinator */,
				B6FB6D62274099820041955D /* Modules */,
				B6FB6D3D273FD6420041955D /* Assets.xcassets */,
				B6FB6D3F273FD6420041955D /* LaunchScreen.storyboard */,
				B6FB6D42273FD6420041955D /* Info.plist */,
			);
			path = "TestTask-QRCodeReader";
			sourceTree = "<group>";
		};
		B6FB6D56274053090041955D /* Coordinator */ = {
			isa = PBXGroup;
			children = (
				B6FB6D48273FD7AB0041955D /* Coordinator.swift */,
				B6FB6D4A273FDA840041955D /* MainCoordinator.swift */,
			);
			path = Coordinator;
			sourceTree = "<group>";
		};
		B6FB6D572740532B0041955D /* Views */ = {
			isa = PBXGroup;
			children = (
				B6FB6D38273FD6400041955D /* StartScreenViewController.swift */,
			);
			path = Views;
			sourceTree = "<group>";
		};
		B6FB6D59274053AC0041955D /* ViewModels */ = {
			isa = PBXGroup;
			children = (
				B6FB6D5427404FA00041955D /* ScannerVCViewModel.swift */,
				B6F42CE82742A72E007BA337 /* ScannerVCBuilder.swift */,
			);
			path = ViewModels;
			sourceTree = "<group>";
		};
		B6FB6D62274099820041955D /* Modules */ = {
			isa = PBXGroup;
			children = (
				B6FB6D6C27409B840041955D /* StartScreenModule */,
				B6FB6D6927409AF50041955D /* ChequeModule */,
				B6FB6D632740998A0041955D /* ScannerModule */,
			);
			path = Modules;
			sourceTree = "<group>";
		};
		B6FB6D632740998A0041955D /* ScannerModule */ = {
			isa = PBXGroup;
			children = (
				B6FB6D65274099BB0041955D /* Model */,
				B6FB6D59274053AC0041955D /* ViewModels */,
				B6FB6D64274099A90041955D /* Views */,
			);
			path = ScannerModule;
			sourceTree = "<group>";
		};
		B6FB6D64274099A90041955D /* Views */ = {
			isa = PBXGroup;
			children = (
				B6FB6D4E274011F60041955D /* ScannerViewController.swift */,
			);
			path = Views;
			sourceTree = "<group>";
		};
		B6FB6D65274099BB0041955D /* Model */ = {
			isa = PBXGroup;
			children = (
			);
			path = Model;
			sourceTree = "<group>";
		};
		B6FB6D6627409A380041955D /* Base */ = {
			isa = PBXGroup;
			children = (
				B6EC1DA0274343F900127E71 /* Extensions */,
				B6FB6D6827409A5D0041955D /* Managers */,
				B6FB6D6727409A510041955D /* BaseModels */,
			);
			path = Base;
			sourceTree = "<group>";
		};
		B6FB6D6727409A510041955D /* BaseModels */ = {
			isa = PBXGroup;
			children = (
				B6FB6D5027403D8E0041955D /* AppModel.swift */,
				B6EF957727434BAC0049143F /* Constants.swift */,
			);
			path = BaseModels;
			sourceTree = "<group>";
		};
		B6FB6D6827409A5D0041955D /* Managers */ = {
			isa = PBXGroup;
			children = (
				B6FB6D5227403F770041955D /* JsonDecoder.swift */,
				B6FB6D602740951C0041955D /* QRScannableManager.swift */,
				B685EC4D274141CF0069AD03 /* TableViewManager.swift */,
			);
			path = Managers;
			sourceTree = "<group>";
		};
		B6FB6D6927409AF50041955D /* ChequeModule */ = {
			isa = PBXGroup;
			children = (
				B6FB6D6B27409B3C0041955D /* ViewModels */,
				B6FB6D6A27409B1F0041955D /* Views */,
			);
			path = ChequeModule;
			sourceTree = "<group>";
		};
		B6FB6D6A27409B1F0041955D /* Views */ = {
			isa = PBXGroup;
			children = (
				B6FB6D4C2740109F0041955D /* ChequeViewController.swift */,
				B6FB6D5A27406E410041955D /* ItemsTableViewCell.swift */,
				B6FB6D6F2740C0AD0041955D /* TotalTableViewCell.swift */,
				B6FB6D6D2740B85D0041955D /* TitleTableViewCell.swift */,
				B6AFC8CB27415A9600016487 /* ThirdVCBuilder.swift */,
			);
			path = Views;
			sourceTree = "<group>";
		};
		B6FB6D6B27409B3C0041955D /* ViewModels */ = {
			isa = PBXGroup;
			children = (
				B6FB6D712740CDAC0041955D /* ThirdVCViewModel.swift */,
			);
			path = ViewModels;
			sourceTree = "<group>";
		};
		B6FB6D6C27409B840041955D /* StartScreenModule */ = {
			isa = PBXGroup;
			children = (
				B6FB6D572740532B0041955D /* Views */,
			);
			path = StartScreenModule;
			sourceTree = "<group>";
		};
/* End PBXGroup section */

/* Begin PBXNativeTarget section */
		B6FB6D30273FD6400041955D /* TestTask-QRCodeReader */ = {
			isa = PBXNativeTarget;
			buildConfigurationList = B6FB6D45273FD6420041955D /* Build configuration list for PBXNativeTarget "TestTask-QRCodeReader" */;
			buildPhases = (
				B6FB6D2D273FD6400041955D /* Sources */,
				B6FB6D2E273FD6400041955D /* Frameworks */,
				B6FB6D2F273FD6400041955D /* Resources */,
			);
			buildRules = (
			);
			dependencies = (
			);
			name = "TestTask-QRCodeReader";
			productName = "TestTask-QRCodeReader";
			productReference = B6FB6D31273FD6400041955D /* TestTask-QRCodeReader.app */;
			productType = "com.apple.product-type.application";
		};
/* End PBXNativeTarget section */

/* Begin PBXProject section */
		B6FB6D29273FD6400041955D /* Project object */ = {
			isa = PBXProject;
			attributes = {
				BuildIndependentTargetsInParallel = 1;
				LastSwiftUpdateCheck = 1310;
				LastUpgradeCheck = 1310;
				TargetAttributes = {
					B6FB6D30273FD6400041955D = {
						CreatedOnToolsVersion = 13.1;
					};
				};
			};
			buildConfigurationList = B6FB6D2C273FD6400041955D /* Build configuration list for PBXProject "TestTask-QRCodeReader" */;
			compatibilityVersion = "Xcode 13.0";
			developmentRegion = en;
			hasScannedForEncodings = 0;
			knownRegions = (
				en,
				Base,
			);
			mainGroup = B6FB6D28273FD6400041955D;
			productRefGroup = B6FB6D32273FD6400041955D /* Products */;
			projectDirPath = "";
			projectRoot = "";
			targets = (
				B6FB6D30273FD6400041955D /* TestTask-QRCodeReader */,
			);
		};
/* End PBXProject section */

/* Begin PBXResourcesBuildPhase section */
		B6FB6D2F273FD6400041955D /* Resources */ = {
			isa = PBXResourcesBuildPhase;
			buildActionMask = 2147483647;
			files = (
				B6FB6D41273FD6420041955D /* LaunchScreen.storyboard in Resources */,
				B6FB6D3E273FD6420041955D /* Assets.xcassets in Resources */,
			);
			runOnlyForDeploymentPostprocessing = 0;
		};
/* End PBXResourcesBuildPhase section */

/* Begin PBXSourcesBuildPhase section */
		B6FB6D2D273FD6400041955D /* Sources */ = {
			isa = PBXSourcesBuildPhase;
			buildActionMask = 2147483647;
			files = (
				B6FB6D5527404FA00041955D /* ScannerVCViewModel.swift in Sources */,
				B6FB6D4F274011F60041955D /* ScannerViewController.swift in Sources */,
				B6FB6D4D2740109F0041955D /* ChequeViewController.swift in Sources */,
				B6AFC8CC27415A9600016487 /* ThirdVCBuilder.swift in Sources */,
				B6FB6D612740951C0041955D /* QRScannableManager.swift in Sources */,
				B6FB6D6E2740B85D0041955D /* TitleTableViewCell.swift in Sources */,
				B6FB6D5B27406E410041955D /* ItemsTableViewCell.swift in Sources */,
				B6FB6D5327403F770041955D /* JsonDecoder.swift in Sources */,
				B6FB6D49273FD7AB0041955D /* Coordinator.swift in Sources */,
				B6FB6D39273FD6400041955D /* StartScreenViewController.swift in Sources */,
				B6FB6D35273FD6400041955D /* AppDelegate.swift in Sources */,
				B6EF957827434BAC0049143F /* Constants.swift in Sources */,
				B6FB6D702740C0AD0041955D /* TotalTableViewCell.swift in Sources */,
				B6FB6D722740CDAC0041955D /* ThirdVCViewModel.swift in Sources */,
				B6FB6D4B273FDA840041955D /* MainCoordinator.swift in Sources */,
				B6EC1DA22743441A00127E71 /* TableViewCellExtension.swift in Sources */,
				B6EC1DA42743445D00127E71 /* ArrayExtension.swift in Sources */,
				B6FB6D37273FD6400041955D /* SceneDelegate.swift in Sources */,
				B6F42CE92742A72E007BA337 /* ScannerVCBuilder.swift in Sources */,
				B6FB6D5127403D8E0041955D /* AppModel.swift in Sources */,
				B685EC4E274141CF0069AD03 /* TableViewManager.swift in Sources */,
			);
			runOnlyForDeploymentPostprocessing = 0;
		};
/* End PBXSourcesBuildPhase section */

/* Begin PBXVariantGroup section */
		B6FB6D3F273FD6420041955D /* LaunchScreen.storyboard */ = {
			isa = PBXVariantGroup;
			children = (
				B6FB6D40273FD6420041955D /* Base */,
			);
			name = LaunchScreen.storyboard;
			sourceTree = "<group>";
		};
/* End PBXVariantGroup section */

/* Begin XCBuildConfiguration section */
		B6FB6D43273FD6420041955D /* Debug */ = {
			isa = XCBuildConfiguration;
			buildSettings = {
				ALWAYS_SEARCH_USER_PATHS = NO;
				CLANG_ANALYZER_NONNULL = YES;
				CLANG_ANALYZER_NUMBER_OBJECT_CONVERSION = YES_AGGRESSIVE;
				CLANG_CXX_LANGUAGE_STANDARD = "gnu++17";
				CLANG_CXX_LIBRARY = "libc++";
				CLANG_ENABLE_MODULES = YES;
				CLANG_ENABLE_OBJC_ARC = YES;
				CLANG_ENABLE_OBJC_WEAK = YES;
				CLANG_WARN_BLOCK_CAPTURE_AUTORELEASING = YES;
				CLANG_WARN_BOOL_CONVERSION = YES;
				CLANG_WARN_COMMA = YES;
				CLANG_WARN_CONSTANT_CONVERSION = YES;
				CLANG_WARN_DEPRECATED_OBJC_IMPLEMENTATIONS = YES;
				CLANG_WARN_DIRECT_OBJC_ISA_USAGE = YES_ERROR;
				CLANG_WARN_DOCUMENTATION_COMMENTS = YES;
				CLANG_WARN_EMPTY_BODY = YES;
				CLANG_WARN_ENUM_CONVERSION = YES;
				CLANG_WARN_INFINITE_RECURSION = YES;
				CLANG_WARN_INT_CONVERSION = YES;
				CLANG_WARN_NON_LITERAL_NULL_CONVERSION = YES;
				CLANG_WARN_OBJC_IMPLICIT_RETAIN_SELF = YES;
				CLANG_WARN_OBJC_LITERAL_CONVERSION = YES;
				CLANG_WARN_OBJC_ROOT_CLASS = YES_ERROR;
				CLANG_WARN_QUOTED_INCLUDE_IN_FRAMEWORK_HEADER = YES;
				CLANG_WARN_RANGE_LOOP_ANALYSIS = YES;
				CLANG_WARN_STRICT_PROTOTYPES = YES;
				CLANG_WARN_SUSPICIOUS_MOVE = YES;
				CLANG_WARN_UNGUARDED_AVAILABILITY = YES_AGGRESSIVE;
				CLANG_WARN_UNREACHABLE_CODE = YES;
				CLANG_WARN__DUPLICATE_METHOD_MATCH = YES;
				COPY_PHASE_STRIP = NO;
				DEBUG_INFORMATION_FORMAT = dwarf;
				ENABLE_STRICT_OBJC_MSGSEND = YES;
				ENABLE_TESTABILITY = YES;
				GCC_C_LANGUAGE_STANDARD = gnu11;
				GCC_DYNAMIC_NO_PIC = NO;
				GCC_NO_COMMON_BLOCKS = YES;
				GCC_OPTIMIZATION_LEVEL = 0;
				GCC_PREPROCESSOR_DEFINITIONS = (
					"DEBUG=1",
					"$(inherited)",
				);
				GCC_WARN_64_TO_32_BIT_CONVERSION = YES;
				GCC_WARN_ABOUT_RETURN_TYPE = YES_ERROR;
				GCC_WARN_UNDECLARED_SELECTOR = YES;
				GCC_WARN_UNINITIALIZED_AUTOS = YES_AGGRESSIVE;
				GCC_WARN_UNUSED_FUNCTION = YES;
				GCC_WARN_UNUSED_VARIABLE = YES;
				IPHONEOS_DEPLOYMENT_TARGET = 15.0;
				MTL_ENABLE_DEBUG_INFO = INCLUDE_SOURCE;
				MTL_FAST_MATH = YES;
				ONLY_ACTIVE_ARCH = YES;
				SDKROOT = iphoneos;
				SWIFT_ACTIVE_COMPILATION_CONDITIONS = DEBUG;
				SWIFT_OPTIMIZATION_LEVEL = "-Onone";
			};
			name = Debug;
		};
		B6FB6D44273FD6420041955D /* Release */ = {
			isa = XCBuildConfiguration;
			buildSettings = {
				ALWAYS_SEARCH_USER_PATHS = NO;
				CLANG_ANALYZER_NONNULL = YES;
				CLANG_ANALYZER_NUMBER_OBJECT_CONVERSION = YES_AGGRESSIVE;
				CLANG_CXX_LANGUAGE_STANDARD = "gnu++17";
				CLANG_CXX_LIBRARY = "libc++";
				CLANG_ENABLE_MODULES = YES;
				CLANG_ENABLE_OBJC_ARC = YES;
				CLANG_ENABLE_OBJC_WEAK = YES;
				CLANG_WARN_BLOCK_CAPTURE_AUTORELEASING = YES;
				CLANG_WARN_BOOL_CONVERSION = YES;
				CLANG_WARN_COMMA = YES;
				CLANG_WARN_CONSTANT_CONVERSION = YES;
				CLANG_WARN_DEPRECATED_OBJC_IMPLEMENTATIONS = YES;
				CLANG_WARN_DIRECT_OBJC_ISA_USAGE = YES_ERROR;
				CLANG_WARN_DOCUMENTATION_COMMENTS = YES;
				CLANG_WARN_EMPTY_BODY = YES;
				CLANG_WARN_ENUM_CONVERSION = YES;
				CLANG_WARN_INFINITE_RECURSION = YES;
				CLANG_WARN_INT_CONVERSION = YES;
				CLANG_WARN_NON_LITERAL_NULL_CONVERSION = YES;
				CLANG_WARN_OBJC_IMPLICIT_RETAIN_SELF = YES;
				CLANG_WARN_OBJC_LITERAL_CONVERSION = YES;
				CLANG_WARN_OBJC_ROOT_CLASS = YES_ERROR;
				CLANG_WARN_QUOTED_INCLUDE_IN_FRAMEWORK_HEADER = YES;
				CLANG_WARN_RANGE_LOOP_ANALYSIS = YES;
				CLANG_WARN_STRICT_PROTOTYPES = YES;
				CLANG_WARN_SUSPICIOUS_MOVE = YES;
				CLANG_WARN_UNGUARDED_AVAILABILITY = YES_AGGRESSIVE;
				CLANG_WARN_UNREACHABLE_CODE = YES;
				CLANG_WARN__DUPLICATE_METHOD_MATCH = YES;
				COPY_PHASE_STRIP = NO;
				DEBUG_INFORMATION_FORMAT = "dwarf-with-dsym";
				ENABLE_NS_ASSERTIONS = NO;
				ENABLE_STRICT_OBJC_MSGSEND = YES;
				GCC_C_LANGUAGE_STANDARD = gnu11;
				GCC_NO_COMMON_BLOCKS = YES;
				GCC_WARN_64_TO_32_BIT_CONVERSION = YES;
				GCC_WARN_ABOUT_RETURN_TYPE = YES_ERROR;
				GCC_WARN_UNDECLARED_SELECTOR = YES;
				GCC_WARN_UNINITIALIZED_AUTOS = YES_AGGRESSIVE;
				GCC_WARN_UNUSED_FUNCTION = YES;
				GCC_WARN_UNUSED_VARIABLE = YES;
				IPHONEOS_DEPLOYMENT_TARGET = 15.0;
				MTL_ENABLE_DEBUG_INFO = NO;
				MTL_FAST_MATH = YES;
				SDKROOT = iphoneos;
				SWIFT_COMPILATION_MODE = wholemodule;
				SWIFT_OPTIMIZATION_LEVEL = "-O";
				VALIDATE_PRODUCT = YES;
			};
			name = Release;
		};
		B6FB6D46273FD6420041955D /* Debug */ = {
			isa = XCBuildConfiguration;
			buildSettings = {
				ASSETCATALOG_COMPILER_APPICON_NAME = AppIcon;
				ASSETCATALOG_COMPILER_GLOBAL_ACCENT_COLOR_NAME = AccentColor;
				CODE_SIGN_STYLE = Automatic;
				CURRENT_PROJECT_VERSION = 1;
				DEVELOPMENT_TEAM = 66GQ3G43ZB;
				GENERATE_INFOPLIST_FILE = YES;
				INFOPLIST_FILE = "TestTask-QRCodeReader/Info.plist";
				INFOPLIST_KEY_UIApplicationSupportsIndirectInputEvents = YES;
				INFOPLIST_KEY_UILaunchStoryboardName = LaunchScreen;
				INFOPLIST_KEY_UISupportedInterfaceOrientations = UIInterfaceOrientationPortrait;
				INFOPLIST_KEY_UISupportedInterfaceOrientations_iPad = "UIInterfaceOrientationPortrait UIInterfaceOrientationPortraitUpsideDown UIInterfaceOrientationLandscapeLeft UIInterfaceOrientationLandscapeRight";
				INFOPLIST_KEY_UISupportedInterfaceOrientations_iPhone = "UIInterfaceOrientationPortrait UIInterfaceOrientationLandscapeLeft UIInterfaceOrientationLandscapeRight";
				IPHONEOS_DEPLOYMENT_TARGET = 15.0;
				LD_RUNPATH_SEARCH_PATHS = (
					"$(inherited)",
					"@executable_path/Frameworks",
				);
				MARKETING_VERSION = 1.0;
				PRODUCT_BUNDLE_IDENTIFIER = "com.dennis.TestTask-QRCodeReader";
				PRODUCT_NAME = "$(TARGET_NAME)";
				SWIFT_EMIT_LOC_STRINGS = YES;
				SWIFT_VERSION = 5.0;
				TARGETED_DEVICE_FAMILY = "1,2";
			};
			name = Debug;
		};
		B6FB6D47273FD6420041955D /* Release */ = {
			isa = XCBuildConfiguration;
			buildSettings = {
				ASSETCATALOG_COMPILER_APPICON_NAME = AppIcon;
				ASSETCATALOG_COMPILER_GLOBAL_ACCENT_COLOR_NAME = AccentColor;
				CODE_SIGN_STYLE = Automatic;
				CURRENT_PROJECT_VERSION = 1;
				DEVELOPMENT_TEAM = 66GQ3G43ZB;
				GENERATE_INFOPLIST_FILE = YES;
				INFOPLIST_FILE = "TestTask-QRCodeReader/Info.plist";
				INFOPLIST_KEY_UIApplicationSupportsIndirectInputEvents = YES;
				INFOPLIST_KEY_UILaunchStoryboardName = LaunchScreen;
				INFOPLIST_KEY_UISupportedInterfaceOrientations = UIInterfaceOrientationPortrait;
				INFOPLIST_KEY_UISupportedInterfaceOrientations_iPad = "UIInterfaceOrientationPortrait UIInterfaceOrientationPortraitUpsideDown UIInterfaceOrientationLandscapeLeft UIInterfaceOrientationLandscapeRight";
				INFOPLIST_KEY_UISupportedInterfaceOrientations_iPhone = "UIInterfaceOrientationPortrait UIInterfaceOrientationLandscapeLeft UIInterfaceOrientationLandscapeRight";
				IPHONEOS_DEPLOYMENT_TARGET = 15.0;
				LD_RUNPATH_SEARCH_PATHS = (
					"$(inherited)",
					"@executable_path/Frameworks",
				);
				MARKETING_VERSION = 1.0;
				PRODUCT_BUNDLE_IDENTIFIER = "com.dennis.TestTask-QRCodeReader";
				PRODUCT_NAME = "$(TARGET_NAME)";
				SWIFT_EMIT_LOC_STRINGS = YES;
				SWIFT_VERSION = 5.0;
				TARGETED_DEVICE_FAMILY = "1,2";
			};
			name = Release;
		};
/* End XCBuildConfiguration section */

/* Begin XCConfigurationList section */
		B6FB6D2C273FD6400041955D /* Build configuration list for PBXProject "TestTask-QRCodeReader" */ = {
			isa = XCConfigurationList;
			buildConfigurations = (
				B6FB6D43273FD6420041955D /* Debug */,
				B6FB6D44273FD6420041955D /* Release */,
			);
			defaultConfigurationIsVisible = 0;
			defaultConfigurationName = Release;
		};
		B6FB6D45273FD6420041955D /* Build configuration list for PBXNativeTarget "TestTask-QRCodeReader" */ = {
			isa = XCConfigurationList;
			buildConfigurations = (
				B6FB6D46273FD6420041955D /* Debug */,
				B6FB6D47273FD6420041955D /* Release */,
			);
			defaultConfigurationIsVisible = 0;
			defaultConfigurationName = Release;
		};
/* End XCConfigurationList section */
	};
	rootObject = B6FB6D29273FD6400041955D /* Project object */;
}
